<?xml version="1.0" encoding="utf-8"?>
<Project ToolsVersion="4.0" xmlns="http://schemas.microsoft.com/developer/msbuild/2003">
  <ItemGroup>
    <Filter Include="Source Files">
      <UniqueIdentifier>{4FC737F1-C7A5-4376-A066-2A32D752A2FF}</UniqueIdentifier>
      <Extensions>cpp;c;cc;cxx;def;odl;idl;hpj;bat;asm;asmx</Extensions>
    </Filter>
    <Filter Include="Header Files">
      <UniqueIdentifier>{93995380-89BD-4b04-88EB-625FBE52EBFB}</UniqueIdentifier>
      <Extensions>h;hh;hpp;hxx;hm;inl;inc;xsd</Extensions>
    </Filter>
    <Filter Include="Resource Files">
      <UniqueIdentifier>{67DA6AB6-F800-4c08-8B7A-83BB121AAD01}</UniqueIdentifier>
      <Extensions>rc;ico;cur;bmp;dlg;rc2;rct;bin;rgs;gif;jpg;jpeg;jpe;resx;tiff;tif;png;wav;mfcribbon-ms</Extensions>
    </Filter>
  </ItemGroup>
  <ItemGroup>
    <ClCompile Include="CSharpClasses.cpp">
      <Filter>Source Files</Filter>
    </ClCompile>
    <ClCompile Include="MyClass.cpp">
      <Filter>Source Files</Filter>
    </ClCompile>
    <ClCompile Include="MyNamespace.cpp">
      <Filter>Source Files</Filter>
    </ClCompile>
    <ClCompile Include="MyField.cpp">
      <Filter>Source Files</Filter>
    </ClCompile>
    <ClCompile Include="MyMethod.cpp">
      <Filter>Source Files</Filter>
    </ClCompile>
    <ClCompile Include="MyProperty.cpp">
      <Filter>Source Files</Filter>
    </ClCompile>
    <ClCompile Include="MyLexeme.cpp">
      <Filter>Source Files</Filter>
    </ClCompile>
    <ClCompile Include="MyParameter.cpp">
      <Filter>Source Files</Filter>
    </ClCompile>
    <ClCompile Include="MyChecker.cpp">
      <Filter>Source Files</Filter>
    </ClCompile>
    <ClCompile Include="MyAbstractionDelegate.cpp">
      <Filter>Source Files</Filter>
    </ClCompile>
  </ItemGroup>
  <ItemGroup>
    <ClInclude Include="MyClass.h">
      <Filter>Header Files</Filter>
    </ClInclude>
    <ClInclude Include="MyNamespace.h">
      <Filter>Header Files</Filter>
    </ClInclude>
    <ClInclude Include="MyField.h">
      <Filter>Header Files</Filter>
    </ClInclude>
    <ClInclude Include="MyMethod.h">
      <Filter>Header Files</Filter>
    </ClInclude>
    <ClInclude Include="MyProperty.h">
      <Filter>Header Files</Filter>
    </ClInclude>
    <ClInclude Include="MyLexeme.h">
      <Filter>Header Files</Filter>
    </ClInclude>
    <ClInclude Include="MyParameter.h">
      <Filter>Header Files</Filter>
    </ClInclude>
    <ClInclude Include="MyChecker.h">
      <Filter>Header Files</Filter>
    </ClInclude>
    <ClInclude Include="MyAbstractionDelegate.h">
      <Filter>Header Files</Filter>
    </ClInclude>
  </ItemGroup>
</Project>